{
  "version": "5",
  "specifiers": {
    "npm:@types/node@*": "24.2.0"
  },
  "npm": {
    "@types/node@24.2.0": {
      "integrity": "sha512-3xyG3pMCq3oYCNg7/ZP+E1ooTaGB4cG8JWRsqqOYQdbWNY4zbaV0Ennrd7stjiJEFZCaybcIgpTjJWHRfBSIDw==",
      "dependencies": [
        "undici-types"
      ]
    },
    "undici-types@7.10.0": {
      "integrity": "sha512-t5Fy/nfn+14LuOc2KNYg75vZqClpAiqscVvMygNnlsHBFpSXdJaYtXMcdNLpl/Qvc3P2cB3s6lOV51nqsFq4ag=="
    }
  },
  "redirects": {
    "https://deno.land/std/hash/mod.ts": "https://deno.land/std@0.224.0/hash/mod.ts",
    "https://deno.land/std/http/server.ts": "https://deno.land/std@0.224.0/http/server.ts",
    "https://esm.sh/@supabase/node-fetch@^2.6.13?target=denonext": "https://esm.sh/@supabase/node-fetch@2.6.15?target=denonext",
    "https://esm.sh/@supabase/node-fetch@^2.6.14?target=denonext": "https://esm.sh/@supabase/node-fetch@2.6.15?target=denonext",
    "https://esm.sh/@supabase/supabase-js": "https://esm.sh/@supabase/supabase-js@2.57.4",
    "https://esm.sh/@types/jsonwebtoken@~9.0.7/index.d.ts": "https://esm.sh/@types/jsonwebtoken@9.0.10/index.d.ts",
    "https://esm.sh/@types/jws@~3.2.10/index.d.ts": "https://esm.sh/@types/jws@3.2.10/index.d.ts",
    "https://esm.sh/@types/lodash.includes@~4.3.9/index.d.ts": "https://esm.sh/@types/lodash.includes@4.3.9/index.d.ts",
    "https://esm.sh/@types/lodash.isboolean@~3.0.9/index.d.ts": "https://esm.sh/@types/lodash.isboolean@3.0.9/index.d.ts",
    "https://esm.sh/@types/lodash.isinteger@~4.0.9/index.d.ts": "https://esm.sh/@types/lodash.isinteger@4.0.9/index.d.ts",
    "https://esm.sh/@types/lodash.isnumber@~3.0.9/index.d.ts": "https://esm.sh/@types/lodash.isnumber@3.0.9/index.d.ts",
    "https://esm.sh/@types/lodash.isplainobject@~4.0.9/index.d.ts": "https://esm.sh/@types/lodash.isplainobject@4.0.9/index.d.ts",
    "https://esm.sh/@types/lodash.isstring@~4.0.9/index.d.ts": "https://esm.sh/@types/lodash.isstring@4.0.9/index.d.ts",
    "https://esm.sh/@types/lodash.once@~4.1.9/index.d.ts": "https://esm.sh/@types/lodash.once@4.1.9/index.d.ts",
    "https://esm.sh/@types/semver@~7.7.0/index.d.ts": "https://esm.sh/@types/semver@7.7.1/index.d.ts",
    "https://esm.sh/buffer-equal-constant-time@^1.0.1?target=denonext": "https://esm.sh/buffer-equal-constant-time@1.0.1?target=denonext",
    "https://esm.sh/jsonwebtoken": "https://esm.sh/jsonwebtoken@9.0.2",
    "https://esm.sh/jwa@^1.4.1?target=denonext": "https://esm.sh/jwa@1.4.2?target=denonext",
    "https://esm.sh/jws@^3.2.2?target=denonext": "https://esm.sh/jws@3.2.2?target=denonext",
    "https://esm.sh/lodash.includes@^4.3.0?target=denonext": "https://esm.sh/lodash.includes@4.3.0?target=denonext",
    "https://esm.sh/lodash.isboolean@^3.0.3?target=denonext": "https://esm.sh/lodash.isboolean@3.0.3?target=denonext",
    "https://esm.sh/lodash.isinteger@^4.0.4?target=denonext": "https://esm.sh/lodash.isinteger@4.0.4?target=denonext",
    "https://esm.sh/lodash.isnumber@^3.0.3?target=denonext": "https://esm.sh/lodash.isnumber@3.0.3?target=denonext",
    "https://esm.sh/lodash.isplainobject@^4.0.6?target=denonext": "https://esm.sh/lodash.isplainobject@4.0.6?target=denonext",
    "https://esm.sh/lodash.isstring@^4.0.1?target=denonext": "https://esm.sh/lodash.isstring@4.0.1?target=denonext",
    "https://esm.sh/lodash.once@^4.0.0?target=denonext": "https://esm.sh/lodash.once@4.1.1?target=denonext",
    "https://esm.sh/ms@^2.1.1?target=denonext": "https://esm.sh/ms@2.1.3?target=denonext",
    "https://esm.sh/safe-buffer@^5.0.1?target=denonext": "https://esm.sh/safe-buffer@5.2.1?target=denonext",
    "https://esm.sh/semver@^7.5.4?target=denonext": "https://esm.sh/semver@7.7.2?target=denonext",
    "https://esm.sh/tr46@~0.0.3?target=denonext": "https://esm.sh/tr46@0.0.3?target=denonext",
    "https://esm.sh/webidl-conversions@^3.0.0?target=denonext": "https://esm.sh/webidl-conversions@3.0.1?target=denonext",
    "https://esm.sh/whatwg-url@^5.0.0?target=denonext": "https://esm.sh/whatwg-url@5.0.0?target=denonext"
  },
  "remote": {
    "https://deno.land/std@0.177.0/_util/asserts.ts": "178dfc49a464aee693a7e285567b3d0b555dc805ff490505a8aae34f9cfb1462",
    "https://deno.land/std@0.177.0/async/abortable.ts": "73acfb3ed7261ce0d930dbe89e43db8d34e017b063cf0eaa7d215477bf53442e",
    "https://deno.land/std@0.177.0/async/deadline.ts": "c5facb0b404eede83e38bd2717ea8ab34faa2ffb20ef87fd261fcba32ba307aa",
    "https://deno.land/std@0.177.0/async/debounce.ts": "adab11d04ca38d699444ac8a9d9856b4155e8dda2afd07ce78276c01ea5a4332",
    "https://deno.land/std@0.177.0/async/deferred.ts": "42790112f36a75a57db4a96d33974a936deb7b04d25c6084a9fa8a49f135def8",
    "https://deno.land/std@0.177.0/async/delay.ts": "73aa04cec034c84fc748c7be49bb15cac3dd43a57174bfdb7a4aec22c248f0dd",
    "https://deno.land/std@0.177.0/async/mod.ts": "f04344fa21738e5ad6bea37a6bfffd57c617c2d372bb9f9dcfd118a1b622e576",
    "https://deno.land/std@0.177.0/async/mux_async_iterator.ts": "70c7f2ee4e9466161350473ad61cac0b9f115cff4c552eaa7ef9d50c4cbb4cc9",
    "https://deno.land/std@0.177.0/async/pool.ts": "fd082bd4aaf26445909889435a5c74334c017847842ec035739b4ae637ae8260",
    "https://deno.land/std@0.177.0/async/retry.ts": "5efa3ba450ac0c07a40a82e2df296287b5013755d232049efd7ea2244f15b20f",
    "https://deno.land/std@0.177.0/async/tee.ts": "47e42d35f622650b02234d43803d0383a89eb4387e1b83b5a40106d18ae36757",
    "https://deno.land/std@0.177.0/crypto/_fnv/fnv32.ts": "e4649dfdefc5c987ed53c3c25db62db771a06d9d1b9c36d2b5cf0853b8e82153",
    "https://deno.land/std@0.177.0/crypto/_fnv/fnv64.ts": "bfa0e4702061fdb490a14e6bf5f9168a22fb022b307c5723499469bfefca555e",
    "https://deno.land/std@0.177.0/crypto/_fnv/index.ts": "169c213eb75de2d6738c1ed66a8e5782bd222b70b187cc4e7fb7b73edfcf0927",
    "https://deno.land/std@0.177.0/crypto/_fnv/util.ts": "accba12bfd80a352e32a872f87df2a195e75561f1b1304a4cb4f5a4648d288f9",
    "https://deno.land/std@0.177.0/crypto/_wasm/lib/deno_std_wasm_crypto.generated.mjs": "5dedb7f9aa05f0e18ed017691c58df5f4686e4cbbd70368c6f896e5cca03f2b4",
    "https://deno.land/std@0.177.0/crypto/_wasm/mod.ts": "e2df88236fc061eac7a89e8cb0b97843f5280b08b2a990e473b7397a3e566003",
    "https://deno.land/std@0.177.0/crypto/crypto.ts": "d5ce53784ab7b1348095389426a7ea98536223fb143812ecb50724a0aa1ec657",
    "https://deno.land/std@0.177.0/crypto/timing_safe_equal.ts": "8d69ab611c67fe51b6127d97fcfb4d8e7d0e1b6b4f3e0cc4ab86744c3691f965",
    "https://deno.land/std@0.177.0/http/server.ts": "cbb17b594651215ba95c01a395700684e569c165a567e4e04bba327f41197433",
    "https://deno.land/std@0.208.0/async/delay.ts": "a6142eb44cdd856b645086af2b811b1fcce08ec06bb7d50969e6a872ee9b8659",
    "https://deno.land/std@0.208.0/http/server.ts": "f3cde6672e631d3e00785743cfa96bfed275618c0352c5ae84abbe5a2e0e4afc",
    "https://deno.land/std@0.224.0/async/delay.ts": "f90dd685b97c2f142b8069082993e437b1602b8e2561134827eeb7c12b95c499",
    "https://deno.land/std@0.224.0/http/server.ts": "f9313804bf6467a1704f45f76cb6cd0a3396a3b31c316035e6a4c2035d1ea514",
    "https://esm.sh/@supabase/auth-js@2.71.1/denonext/auth-js.mjs": "d55f67342e652b8bdce35b0ff13ad5cc294b7e96dbd68f859b464b07c6864967",
    "https://esm.sh/@supabase/functions-js@2.4.6/denonext/functions-js.mjs": "d6cc049a0430f428ff0b71a0d3c48d45a243ddd48c68febcdb5cb8a02476a1dc",
    "https://esm.sh/@supabase/node-fetch@2.6.15/denonext/node-fetch.mjs": "0bae9052231f4f6dbccc7234d05ea96923dbf967be12f402764580b6bf9f713d",
    "https://esm.sh/@supabase/node-fetch@2.6.15?target=denonext": "4d28c4ad97328403184353f68434f2b6973971507919e9150297413664919cf3",
    "https://esm.sh/@supabase/postgrest-js@1.21.4/denonext/postgrest-js.mjs": "c3769b11ef02debc78ecf6ab4e152d3cf7dbd05bbbafeb72c160e76cc57cda3c",
    "https://esm.sh/@supabase/realtime-js@2.15.5/denonext/realtime-js.mjs": "518bdc73c29b502ba4dcf7ce2dff0ff8c1cbd8e5978f7ea2435af8214ea45dd5",
    "https://esm.sh/@supabase/storage-js@2.12.1/denonext/storage-js.mjs": "7a5a47546486972c0627b620e7413300b4e82ac6e26b53d2c31933e13c2d652e",
    "https://esm.sh/@supabase/supabase-js@2.57.4": "05a369085eb4a4c99d85ccece97f0cf1e05357122e0e74373da1f0e91b014902",
    "https://esm.sh/@supabase/supabase-js@2.57.4/denonext/supabase-js.mjs": "b31f4ec51272218b68cfdcef9de5aa7abd0f1da1262fa0b9377c62eb18fe494b",
    "https://esm.sh/buffer-equal-constant-time@1.0.1/denonext/buffer-equal-constant-time.mjs": "c83a9e435334af6863aef9f50bd7d1a855e95055ba8af6dde63eaf674791f64b",
    "https://esm.sh/buffer-equal-constant-time@1.0.1?target=denonext": "947592b99778297d371afb105a753b42beffb623ca47203b5c71caa820cf05af",
    "https://esm.sh/ecdsa-sig-formatter@1.0.11/denonext/ecdsa-sig-formatter.mjs": "08370379943e48e31cda373711fe5528f60b3d3d992fae7c0d520ef55607640e",
    "https://esm.sh/jsonwebtoken@9.0.2": "76a17587b04be9dfee91197bb0119b0be3a6a53ec05cc63d44292077bc03c0f7",
    "https://esm.sh/jsonwebtoken@9.0.2/denonext/jsonwebtoken.mjs": "597d83c5fcd31434914aebb920f210e525dc3c0cce9a5c7333420b0c72299d16",
    "https://esm.sh/jwa@1.4.2/denonext/jwa.mjs": "3ac902d0c24fa54272b7c5774318eb12deea8f86247cb1f86c3f11d364fda2aa",
    "https://esm.sh/jwa@1.4.2?target=denonext": "09d54664088a2a0b5f6693eb1333d09d54da3ff62db5076dc38bfb47052ab6e5",
    "https://esm.sh/jws@3.2.2/denonext/jws.mjs": "ed1560f6cd91af6f57bdf5132ffc6a126619d003c5d5e7680fb0b310dbf61ad8",
    "https://esm.sh/jws@3.2.2?target=denonext": "e5b49eed4c39c26f02dafda1f75776a1ed468df4b36f8eb0f5a36e036a7af0f2",
    "https://esm.sh/lodash.includes@4.3.0/denonext/lodash.includes.mjs": "7891d8e1db31f196dad13cfea5d8c9cd7b57e556e852bde44a32b9c95f52f769",
    "https://esm.sh/lodash.includes@4.3.0?target=denonext": "52552ec9e8b0ee8dff8bd6743edb4ff57c1c1dc31fe13061c1fd6b023e26c0dd",
    "https://esm.sh/lodash.isboolean@3.0.3/denonext/lodash.isboolean.mjs": "62346e63e84456d408ad9cdd38dc122ea4fecef67b7682c9ef311a9d9376ebb4",
    "https://esm.sh/lodash.isboolean@3.0.3?target=denonext": "df362bed13151ed14dc4fea8a56582f7d5165ab057225f20f7a19933bc030603",
    "https://esm.sh/lodash.isinteger@4.0.4/denonext/lodash.isinteger.mjs": "661e55e1960486dc985a2dd833c942f79874d2c3d82d89b62d92a7c2d4fb1976",
    "https://esm.sh/lodash.isinteger@4.0.4?target=denonext": "1355063df9b6e29a874a0f22874b86abcb7520182efcd5e543ded4209ff4485c",
    "https://esm.sh/lodash.isnumber@3.0.3/denonext/lodash.isnumber.mjs": "406375117efebf18a311f7b9a9cde5b961f2b96589c6e70e7805ae8f9b233186",
    "https://esm.sh/lodash.isnumber@3.0.3?target=denonext": "129cd84408b3f202f339cfbde411d7e3573414128574123b94375b330cfd02b4",
    "https://esm.sh/lodash.isplainobject@4.0.6/denonext/lodash.isplainobject.mjs": "52baba5dc85a16aa38f54fcbbbf47ffe8b3c9d84e788a5199a20eab9135dd35a",
    "https://esm.sh/lodash.isplainobject@4.0.6?target=denonext": "aaf731d53ff27671d17a5e700371eb7d073496e7c099a537c05dd1df6606a54e",
    "https://esm.sh/lodash.isstring@4.0.1/denonext/lodash.isstring.mjs": "27f803808b3f189fa994d1b3784e13b2978976bf17c06050ee311e7f54b0db32",
    "https://esm.sh/lodash.isstring@4.0.1?target=denonext": "dc33fab7958cad340a76cc58bd2f30ad22ee63b00eac0bc2d9a4110049cdfddc",
    "https://esm.sh/lodash.once@4.1.1/denonext/lodash.once.mjs": "d98a09cbf4f8520f256be230ba50e9cae609b73bc8ffd2f6bf388099ea2f50b1",
    "https://esm.sh/lodash.once@4.1.1?target=denonext": "46682cfe5d75f572d14c6a3c4c5da23d597d80d0552fea124b72a2359bb4b37d",
    "https://esm.sh/ms@2.1.3/denonext/ms.mjs": "9039464da1f4ae1c2042742d335c82556c048bbe49449b5d0cd5198193afa147",
    "https://esm.sh/ms@2.1.3?target=denonext": "36f5aa7503ff0ff44ce9e3155a60362d8d3ae5db8db048be5764a3a515b6a263",
    "https://esm.sh/safe-buffer@5.2.1/denonext/safe-buffer.mjs": "51b088d69d0bbf6d7ce4179853887e105715df40e432a3bff0e9575cc2285276",
    "https://esm.sh/safe-buffer@5.2.1?target=denonext": "34028b9647c849fa96dfd3d9f217a3adca8b43b13409820ac3f43fb15eba3e20",
    "https://esm.sh/semver@7.7.2/denonext/semver.mjs": "5530cc8b82a83ac29ec3c19567bfdf3330dd70a8c9efdfa068772383068a47a0",
    "https://esm.sh/semver@7.7.2?target=denonext": "6c7a9e6263d52d9a4483824d59965f055092b8ebb77a09b9f02b4a05d22da17e",
    "https://esm.sh/tr46@0.0.3/denonext/tr46.mjs": "5753ec0a99414f4055f0c1f97691100f13d88e48a8443b00aebb90a512785fa2",
    "https://esm.sh/tr46@0.0.3?target=denonext": "19cb9be0f0d418a0c3abb81f2df31f080e9540a04e43b0f699bce1149cba0cbb",
    "https://esm.sh/webidl-conversions@3.0.1/denonext/webidl-conversions.mjs": "54b5c2d50a294853c4ccebf9d5ed8988c94f4e24e463d84ec859a866ea5fafec",
    "https://esm.sh/webidl-conversions@3.0.1?target=denonext": "4e20318d50528084616c79d7b3f6e7f0fe7b6d09013bd01b3974d7448d767e29",
    "https://esm.sh/whatwg-url@5.0.0/denonext/whatwg-url.mjs": "29b16d74ee72624c915745bbd25b617cfd2248c6af0f5120d131e232a9a9af79",
    "https://esm.sh/whatwg-url@5.0.0?target=denonext": "f001a2cadf81312d214ca330033f474e74d81a003e21e8c5d70a1f46dc97b02d"
  }
}
